
Microsoft Visual Studio Solution File, Format Version 12.00
# Visual Studio 15
VisualStudioVersion = 15.0.27703.2042
MinimumVisualStudioVersion = 10.0.40219.1
Project("{FAE04EC0-301F-11D3-BF4B-00C04F79EFBC}") = "run", "run\run.csproj", "{74FBEC7E-4205-49FB-9124-54781C6FC321}"
EndProject
Project("{FAE04EC0-301F-11D3-BF4B-00C04F79EFBC}") = "src", "src\src.csproj", "{28891460-67AE-47B6-B3E9-BE21B1784EC9}"
EndProject
Project("{FAE04EC0-301F-11D3-BF4B-00C04F79EFBC}") = "test", "test\test.csproj", "{DF92ED32-B84F-4B0F-8E00-15FD3206ACB6}"
EndProject
Global
	GlobalSection(SolutionConfigurationPlatforms) = preSolution
		Debug|Any CPU = Debug|Any CPU
		Release|Any CPU = Release|Any CPU
	EndGlobalSection
	GlobalSection(ProjectConfigurationPlatforms) = postSolution
		{74FBEC7E-4205-49FB-9124-54781C6FC321}.Debug|Any CPU.ActiveCfg = Debug|Any CPU
		{74FBEC7E-4205-49FB-9124-54781C6FC321}.Debug|Any CPU.Build.0 = Debug|Any CPU
		{74FBEC7E-4205-49FB-9124-54781C6FC321}.Release|Any CPU.ActiveCfg = Release|Any CPU
		{74FBEC7E-4205-49FB-9124-54781C6FC321}.Release|Any CPU.Build.0 = Release|Any CPU
		{28891460-67AE-47B6-B3E9-BE21B1784EC9}.Debug|Any CPU.ActiveCfg = Debug|Any CPU
		{28891460-67AE-47B6-B3E9-BE21B1784EC9}.Debug|Any CPU.Build.0 = Debug|Any CPU
		{28891460-67AE-47B6-B3E9-BE21B1784EC9}.Release|Any CPU.ActiveCfg = Release|Any CPU
		{28891460-67AE-47B6-B3E9-BE21B1784EC9}.Release|Any CPU.Build.0 = Release|Any CPU
		{DF92ED32-B84F-4B0F-8E00-15FD3206ACB6}.Debug|Any CPU.ActiveCfg = Debug|Any CPU
		{DF92ED32-B84F-4B0F-8E00-15FD3206ACB6}.Debug|Any CPU.Build.0 = Debug|Any CPU
		{DF92ED32-B84F-4B0F-8E00-15FD3206ACB6}.Release|Any CPU.ActiveCfg = Release|Any CPU
		{DF92ED32-B84F-4B0F-8E00-15FD3206ACB6}.Release|Any CPU.Build.0 = Release|Any CPU
	EndGlobalSection
	GlobalSection(SolutionProperties) = preSolution
		HideSolutionNode = FALSE
	EndGlobalSection
	GlobalSection(ExtensibilityGlobals) = postSolution
		SolutionGuid = {41265239-2977-4574-8F31-70CA94A44DA0}
	EndGlobalSection
EndGlobal
